// !$*UTF8*$!
{
	archiveVersion = 1;
	classes = {
	};
	objectVersion = 46;
	objects = {

/* Begin PBXBuildFile section */
		37E1B2C81D81DA08002A3B94 /* AppDelegate.swift in Sources */ = {isa = PBXBuildFile; fileRef = 37E1B2C71D81DA08002A3B94 /* AppDelegate.swift */; };
		37E1B2CA1D81DA08002A3B94 /* ViewController.swift in Sources */ = {isa = PBXBuildFile; fileRef = 37E1B2C91D81DA08002A3B94 /* ViewController.swift */; };
		37E1B2CD1D81DA08002A3B94 /* Main.storyboard in Resources */ = {isa = PBXBuildFile; fileRef = 37E1B2CB1D81DA08002A3B94 /* Main.storyboard */; };
		37E1B2CF1D81DA08002A3B94 /* Assets.xcassets in Resources */ = {isa = PBXBuildFile; fileRef = 37E1B2CE1D81DA08002A3B94 /* Assets.xcassets */; };
		37E1B2D21D81DA08002A3B94 /* LaunchScreen.storyboard in Resources */ = {isa = PBXBuildFile; fileRef = 37E1B2D01D81DA08002A3B94 /* LaunchScreen.storyboard */; };
		37E1B2DD1D81DA08002A3B94 /* iTipTests.swift in Sources */ = {isa = PBXBuildFile; fileRef = 37E1B2DC1D81DA08002A3B94 /* iTipTests.swift */; };
		37E1B2E81D81DA08002A3B94 /* iTipUITests.swift in Sources */ = {isa = PBXBuildFile; fileRef = 37E1B2E71D81DA08002A3B94 /* iTipUITests.swift */; };
/* End PBXBuildFile section */

/* Begin PBXContainerItemProxy section */
		37E1B2D91D81DA08002A3B94 /* PBXContainerItemProxy */ = {
			isa = PBXContainerItemProxy;
			containerPortal = 37E1B2BC1D81DA08002A3B94 /* Project object */;
			proxyType = 1;
			remoteGlobalIDString = 37E1B2C31D81DA08002A3B94;
			remoteInfo = iTip;
		};
		37E1B2E41D81DA08002A3B94 /* PBXContainerItemProxy */ = {
			isa = PBXContainerItemProxy;
			containerPortal = 37E1B2BC1D81DA08002A3B94 /* Project object */;
			proxyType = 1;
			remoteGlobalIDString = 37E1B2C31D81DA08002A3B94;
			remoteInfo = iTip;
		};
/* End PBXContainerItemProxy section */

/* Begin PBXFileReference section */
		37E1B2C41D81DA08002A3B94 /* iTip.app */ = {isa = PBXFileReference; explicitFileType = wrapper.application; includeInIndex = 0; path = iTip.app; sourceTree = BUILT_PRODUCTS_DIR; };
		37E1B2C71D81DA08002A3B94 /* AppDelegate.swift */ = {isa = PBXFileReference; lastKnownFileType = sourcecode.swift; path = AppDelegate.swift; sourceTree = "<group>"; };
		37E1B2C91D81DA08002A3B94 /* ViewController.swift */ = {isa = PBXFileReference; lastKnownFileType = sourcecode.swift; path = ViewController.swift; sourceTree = "<group>"; };
		37E1B2CC1D81DA08002A3B94 /* Base */ = {isa = PBXFileReference; lastKnownFileType = file.storyboard; name = Base; path = Base.lproj/Main.storyboard; sourceTree = "<group>"; };
		37E1B2CE1D81DA08002A3B94 /* Assets.xcassets */ = {isa = PBXFileReference; lastKnownFileType = folder.assetcatalog; path = Assets.xcassets; sourceTree = "<group>"; };
		37E1B2D11D81DA08002A3B94 /* Base */ = {isa = PBXFileReference; lastKnownFileType = file.storyboard; name = Base; path = Base.lproj/LaunchScreen.storyboard; sourceTree = "<group>"; };
		37E1B2D31D81DA08002A3B94 /* Info.plist */ = {isa = PBXFileReference; lastKnownFileType = text.plist.xml; path = Info.plist; sourceTree = "<group>"; };
		37E1B2D81D81DA08002A3B94 /* iTipTests.xctest */ = {isa = PBXFileReference; explicitFileType = wrapper.cfbundle; includeInIndex = 0; path = iTipTests.xctest; sourceTree = BUILT_PRODUCTS_DIR; };
		37E1B2DC1D81DA08002A3B94 /* iTipTests.swift */ = {isa = PBXFileReference; lastKnownFileType = sourcecode.swift; path = iTipTests.swift; sourceTree = "<group>"; };
		37E1B2DE1D81DA08002A3B94 /* Info.plist */ = {isa = PBXFileReference; lastKnownFileType = text.plist.xml; path = Info.plist; sourceTree = "<group>"; };
		37E1B2E31D81DA08002A3B94 /* iTipUITests.xctest */ = {isa = PBXFileReference; explicitFileType = wrapper.cfbundle; includeInIndex = 0; path = iTipUITests.xctest; sourceTree = BUILT_PRODUCTS_DIR; };
		37E1B2E71D81DA08002A3B94 /* iTipUITests.swift */ = {isa = PBXFileReference; lastKnownFileType = sourcecode.swift; path = iTipUITests.swift; sourceTree = "<group>"; };
		37E1B2E91D81DA08002A3B94 /* Info.plist */ = {isa = PBXFileReference; lastKnownFileType = text.plist.xml; path = Info.plist; sourceTree = "<group>"; };
/* End PBXFileReference section */

/* Begin PBXFrameworksBuildPhase section */
		37E1B2C11D81DA08002A3B94 /* Frameworks */ = {
			isa = PBXFrameworksBuildPhase;
			buildActionMask = 2147483647;
			files = (
			);
			runOnlyForDeploymentPostprocessing = 0;
		};
		37E1B2D51D81DA08002A3B94 /* Frameworks */ = {
			isa = PBXFrameworksBuildPhase;
			buildActionMask = 2147483647;
			files = (
			);
			runOnlyForDeploymentPostprocessing = 0;
		};
		37E1B2E01D81DA08002A3B94 /* Frameworks */ = {
			isa = PBXFrameworksBuildPhase;
			buildActionMask = 2147483647;
			files = (
			);
			runOnlyForDeploymentPostprocessing = 0;
		};
/* End PBXFrameworksBuildPhase section */

/* Begin PBXGroup section */
		37E1B2BB1D81DA08002A3B94 = {
			isa = PBXGroup;
			children = (
				37E1B2C61D81DA08002A3B94 /* iTip */,
				37E1B2DB1D81DA08002A3B94 /* iTipTests */,
				37E1B2E61D81DA08002A3B94 /* iTipUITests */,
				37E1B2C51D81DA08002A3B94 /* Products */,
			);
			sourceTree = "<group>";
		};
		37E1B2C51D81DA08002A3B94 /* Products */ = {
			isa = PBXGroup;
			children = (
				37E1B2C41D81DA08002A3B94 /* iTip.app */,
				37E1B2D81D81DA08002A3B94 /* iTipTests.xctest */,
				37E1B2E31D81DA08002A3B94 /* iTipUITests.xctest */,
			);
			name = Products;
			sourceTree = "<group>";
		};
		37E1B2C61D81DA08002A3B94 /* iTip */ = {
			isa = PBXGroup;
			children = (
				37E1B2C71D81DA08002A3B94 /* AppDelegate.swift */,
				37E1B2C91D81DA08002A3B94 /* ViewController.swift */,
				37E1B2CB1D81DA08002A3B94 /* Main.storyboard */,
				37E1B2CE1D81DA08002A3B94 /* Assets.xcassets */,
				37E1B2D01D81DA08002A3B94 /* LaunchScreen.storyboard */,
				37E1B2D31D81DA08002A3B94 /* Info.plist */,
			);
			path = iTip;
			sourceTree = "<group>";
		};
		37E1B2DB1D81DA08002A3B94 /* iTipTests */ = {
			isa = PBXGroup;
			children = (
				37E1B2DC1D81DA08002A3B94 /* iTipTests.swift */,
				37E1B2DE1D81DA08002A3B94 /* Info.plist */,
			);
			path = iTipTests;
			sourceTree = "<group>";
		};
		37E1B2E61D81DA08002A3B94 /* iTipUITests */ = {
			isa = PBXGroup;
			children = (
				37E1B2E71D81DA08002A3B94 /* iTipUITests.swift */,
				37E1B2E91D81DA08002A3B94 /* Info.plist */,
			);
			path = iTipUITests;
			sourceTree = "<group>";
		};
/* End PBXGroup section */

/* Begin PBXNativeTarget section */
		37E1B2C31D81DA08002A3B94 /* iTip */ = {
			isa = PBXNativeTarget;
			buildConfigurationList = 37E1B2EC1D81DA08002A3B94 /* Build configuration list for PBXNativeTarget "iTip" */;
			buildPhases = (
				37E1B2C01D81DA08002A3B94 /* Sources */,
				37E1B2C11D81DA08002A3B94 /* Frameworks */,
				37E1B2C21D81DA08002A3B94 /* Resources */,
			);
			buildRules = (
			);
			dependencies = (
			);
			name = iTip;
			productName = iTip;
			productReference = 37E1B2C41D81DA08002A3B94 /* iTip.app */;
			productType = "com.apple.product-type.application";
		};
		37E1B2D71D81DA08002A3B94 /* iTipTests */ = {
			isa = PBXNativeTarget;
			buildConfigurationList = 37E1B2EF1D81DA08002A3B94 /* Build configuration list for PBXNativeTarget "iTipTests" */;
			buildPhases = (
				37E1B2D41D81DA08002A3B94 /* Sources */,
				37E1B2D51D81DA08002A3B94 /* Frameworks */,
				37E1B2D61D81DA08002A3B94 /* Resources */,
			);
			buildRules = (
			);
			dependencies = (
				37E1B2DA1D81DA08002A3B94 /* PBXTargetDependency */,
			);
			name = iTipTests;
			productName = iTipTests;
			productReference = 37E1B2D81D81DA08002A3B94 /* iTipTests.xctest */;
			productType = "com.apple.product-type.bundle.unit-test";
		};
		37E1B2E21D81DA08002A3B94 /* iTipUITests */ = {
			isa = PBXNativeTarget;
			buildConfigurationList = 37E1B2F21D81DA08002A3B94 /* Build configuration list for PBXNativeTarget "iTipUITests" */;
			buildPhases = (
				37E1B2DF1D81DA08002A3B94 /* Sources */,
				37E1B2E01D81DA08002A3B94 /* Frameworks */,
				37E1B2E11D81DA08002A3B94 /* Resources */,
			);
			buildRules = (
			);
			dependencies = (
				37E1B2E51D81DA08002A3B94 /* PBXTargetDependency */,
			);
			name = iTipUITests;
			productName = iTipUITests;
			productReference = 37E1B2E31D81DA08002A3B94 /* iTipUITests.xctest */;
			productType = "com.apple.product-type.bundle.ui-testing";
		};
/* End PBXNativeTarget section */

/* Begin PBXProject section */
		37E1B2BC1D81DA08002A3B94 /* Project object */ = {
			isa = PBXProject;
			attributes = {
				LastSwiftUpdateCheck = 0730;
				LastUpgradeCheck = 0730;
				ORGANIZATIONNAME = "Dan Dancescu";
				TargetAttributes = {
					37E1B2C31D81DA08002A3B94 = {
						CreatedOnToolsVersion = 7.3.1;
					};
					37E1B2D71D81DA08002A3B94 = {
						CreatedOnToolsVersion = 7.3.1;
						TestTargetID = 37E1B2C31D81DA08002A3B94;
					};
					37E1B2E21D81DA08002A3B94 = {
						CreatedOnToolsVersion = 7.3.1;
						TestTargetID = 37E1B2C31D81DA08002A3B94;
					};
				};
			};
			buildConfigurationList = 37E1B2BF1D81DA08002A3B94 /* Build configuration list for PBXProject "iTip" */;
			compatibilityVersion = "Xcode 3.2";
			developmentRegion = English;
			hasScannedForEncodings = 0;
			knownRegions = (
				en,
				Base,
			);
			mainGroup = 37E1B2BB1D81DA08002A3B94;
			productRefGroup = 37E1B2C51D81DA08002A3B94 /* Products */;
			projectDirPath = "";
			projectRoot = "";
			targets = (
				37E1B2C31D81DA08002A3B94 /* iTip */,
				37E1B2D71D81DA08002A3B94 /* iTipTests */,
				37E1B2E21D81DA08002A3B94 /* iTipUITests */,
			);
		};
/* End PBXProject section */

/* Begin PBXResourcesBuildPhase section */
		37E1B2C21D81DA08002A3B94 /* Resources */ = {
			isa = PBXResourcesBuildPhase;
			buildActionMask = 2147483647;
			files = (
				37E1B2D21D81DA08002A3B94 /* LaunchScreen.storyboard in Resources */,
				37E1B2CF1D81DA08002A3B94 /* Assets.xcassets in Resources */,
				37E1B2CD1D81DA08002A3B94 /* Main.storyboard in Resources */,
			);
			runOnlyForDeploymentPostprocessing = 0;
		};
		37E1B2D61D81DA08002A3B94 /* Resources */ = {
			isa = PBXResourcesBuildPhase;
			buildActionMask = 2147483647;
			files = (
			);
			runOnlyForDeploymentPostprocessing = 0;
		};
		37E1B2E11D81DA08002A3B94 /* Resources */ = {
			isa = PBXResourcesBuildPhase;
			buildActionMask = 2147483647;
			files = (
			);
			runOnlyForDeploymentPostprocessing = 0;
		};
/* End PBXResourcesBuildPhase section */

/* Begin PBXSourcesBuildPhase section */
		37E1B2C01D81DA08002A3B94 /* Sources */ = {
			isa = PBXSourcesBuildPhase;
			buildActionMask = 2147483647;
			files = (
				37E1B2CA1D81DA08002A3B94 /* ViewController.swift in Sources */,
				37E1B2C81D81DA08002A3B94 /* AppDelegate.swift in Sources */,
			);
			runOnlyForDeploymentPostprocessing = 0;
		};
		37E1B2D41D81DA08002A3B94 /* Sources */ = {
			isa = PBXSourcesBuildPhase;
			buildActionMask = 2147483647;
			files = (
				37E1B2DD1D81DA08002A3B94 /* iTipTests.swift in Sources */,
			);
			runOnlyForDeploymentPostprocessing = 0;
		};
		37E1B2DF1D81DA08002A3B94 /* Sources */ = {
			isa = PBXSourcesBuildPhase;
			buildActionMask = 2147483647;
			files = (
				37E1B2E81D81DA08002A3B94 /* iTipUITests.swift in Sources */,
			);
			runOnlyForDeploymentPostprocessing = 0;
		};
/* End PBXSourcesBuildPhase section */

/* Begin PBXTargetDependency section */
		37E1B2DA1D81DA08002A3B94 /* PBXTargetDependency */ = {
			isa = PBXTargetDependency;
			target = 37E1B2C31D81DA08002A3B94 /* iTip */;
			targetProxy = 37E1B2D91D81DA08002A3B94 /* PBXContainerItemProxy */;
		};
		37E1B2E51D81DA08002A3B94 /* PBXTargetDependency */ = {
			isa = PBXTargetDependency;
			target = 37E1B2C31D81DA08002A3B94 /* iTip */;
			targetProxy = 37E1B2E41D81DA08002A3B94 /* PBXContainerItemProxy */;
		};
/* End PBXTargetDependency section */

/* Begin PBXVariantGroup section */
		37E1B2CB1D81DA08002A3B94 /* Main.storyboard */ = {
			isa = PBXVariantGroup;
			children = (
				37E1B2CC1D81DA08002A3B94 /* Base */,
			);
			name = Main.storyboard;
			sourceTree = "<group>";
		};
		37E1B2D01D81DA08002A3B94 /* LaunchScreen.storyboard */ = {
			isa = PBXVariantGroup;
			children = (
				37E1B2D11D81DA08002A3B94 /* Base */,
			);
			name = LaunchScreen.storyboard;
			sourceTree = "<group>";
		};
/* End PBXVariantGroup section */

/* Begin XCBuildConfiguration section */
		37E1B2EA1D81DA08002A3B94 /* Debug */ = {
			isa = XCBuildConfiguration;
			buildSettings = {
				ALWAYS_SEARCH_USER_PATHS = NO;
				CLANG_ANALYZER_NONNULL = YES;
				CLANG_CXX_LANGUAGE_STANDARD = "gnu++0x";
				CLANG_CXX_LIBRARY = "libc++";
				CLANG_ENABLE_MODULES = YES;
				CLANG_ENABLE_OBJC_ARC = YES;
				CLANG_WARN_BOOL_CONVERSION = YES;
				CLANG_WARN_CONSTANT_CONVERSION = YES;
				CLANG_WARN_DIRECT_OBJC_ISA_USAGE = YES_ERROR;
				CLANG_WARN_EMPTY_BODY = YES;
				CLANG_WARN_ENUM_CONVERSION = YES;
				CLANG_WARN_INT_CONVERSION = YES;
				CLANG_WARN_OBJC_ROOT_CLASS = YES_ERROR;
				CLANG_WARN_UNREACHABLE_CODE = YES;
				CLANG_WARN__DUPLICATE_METHOD_MATCH = YES;
				"CODE_SIGN_IDENTITY[sdk=iphoneos*]" = "iPhone Developer";
				COPY_PHASE_STRIP = NO;
				DEBUG_INFORMATION_FORMAT = dwarf;
				ENABLE_STRICT_OBJC_MSGSEND = YES;
				ENABLE_TESTABILITY = YES;
				GCC_C_LANGUAGE_STANDARD = gnu99;
				GCC_DYNAMIC_NO_PIC = NO;
				GCC_NO_COMMON_BLOCKS = YES;
				GCC_OPTIMIZATION_LEVEL = 0;
				GCC_PREPROCESSOR_DEFINITIONS = (
					"DEBUG=1",
					"$(inherited)",
				);
				GCC_WARN_64_TO_32_BIT_CONVERSION = YES;
				GCC_WARN_ABOUT_RETURN_TYPE = YES_ERROR;
				GCC_WARN_UNDECLARED_SELECTOR = YES;
				GCC_WARN_UNINITIALIZED_AUTOS = YES_AGGRESSIVE;
				GCC_WARN_UNUSED_FUNCTION = YES;
				GCC_WARN_UNUSED_VARIABLE = YES;
				IPHONEOS_DEPLOYMENT_TARGET = 9.3;
				MTL_ENABLE_DEBUG_INFO = YES;
				ONLY_ACTIVE_ARCH = YES;
				SDKROOT = iphoneos;
				SWIFT_OPTIMIZATION_LEVEL = "-Onone";
			};
			name = Debug;
		};
		37E1B2EB1D81DA08002A3B94 /* Release */ = {
			isa = XCBuildConfiguration;
			buildSettings = {
				ALWAYS_SEARCH_USER_PATHS = NO;
				CLANG_ANALYZER_NONNULL = YES;
				CLANG_CXX_LANGUAGE_STANDARD = "gnu++0x";
				CLANG_CXX_LIBRARY = "libc++";
				CLANG_ENABLE_MODULES = YES;
				CLANG_ENABLE_OBJC_ARC = YES;
				CLANG_WARN_BOOL_CONVERSION = YES;
				CLANG_WARN_CONSTANT_CONVERSION = YES;
				CLANG_WARN_DIRECT_OBJC_ISA_USAGE = YES_ERROR;
				CLANG_WARN_EMPTY_BODY = YES;
				CLANG_WARN_ENUM_CONVERSION = YES;
				CLANG_WARN_INT_CONVERSION = YES;
				CLANG_WARN_OBJC_ROOT_CLASS = YES_ERROR;
				CLANG_WARN_UNREACHABLE_CODE = YES;
				CLANG_WARN__DUPLICATE_METHOD_MATCH = YES;
				"CODE_SIGN_IDENTITY[sdk=iphoneos*]" = "iPhone Developer";
				COPY_PHASE_STRIP = NO;
				DEBUG_INFORMATION_FORMAT = "dwarf-with-dsym";
				ENABLE_NS_ASSERTIONS = NO;
				ENABLE_STRICT_OBJC_MSGSEND = YES;
				GCC_C_LANGUAGE_STANDARD = gnu99;
				GCC_NO_COMMON_BLOCKS = YES;
				GCC_WARN_64_TO_32_BIT_CONVERSION = YES;
				GCC_WARN_ABOUT_RETURN_TYPE = YES_ERROR;
				GCC_WARN_UNDECLARED_SELECTOR = YES;
				GCC_WARN_UNINITIALIZED_AUTOS = YES_AGGRESSIVE;
				GCC_WARN_UNUSED_FUNCTION = YES;
				GCC_WARN_UNUSED_VARIABLE = YES;
				IPHONEOS_DEPLOYMENT_TARGET = 9.3;
				MTL_ENABLE_DEBUG_INFO = NO;
				SDKROOT = iphoneos;
				VALIDATE_PRODUCT = YES;
			};
			name = Release;
		};
		37E1B2ED1D81DA08002A3B94 /* Debug */ = {
			isa = XCBuildConfiguration;
			buildSettings = {
				ASSETCATALOG_COMPILER_APPICON_NAME = AppIcon;
				INFOPLIST_FILE = iTip/Info.plist;
				LD_RUNPATH_SEARCH_PATHS = "$(inherited) @executable_path/Frameworks";
				PRODUCT_BUNDLE_IDENTIFIER = com.dan.iTip;
				PRODUCT_NAME = "$(TARGET_NAME)";
			};
			name = Debug;
		};
		37E1B2EE1D81DA08002A3B94 /* Release */ = {
			isa = XCBuildConfiguration;
			buildSettings = {
				ASSETCATALOG_COMPILER_APPICON_NAME = AppIcon;
				INFOPLIST_FILE = iTip/Info.plist;
				LD_RUNPATH_SEARCH_PATHS = "$(inherited) @executable_path/Frameworks";
				PRODUCT_BUNDLE_IDENTIFIER = com.dan.iTip;
				PRODUCT_NAME = "$(TARGET_NAME)";
			};
			name = Release;
		};
		37E1B2F01D81DA08002A3B94 /* Debug */ = {
			isa = XCBuildConfiguration;
			buildSettings = {
				BUNDLE_LOADER = "$(TEST_HOST)";
				INFOPLIST_FILE = iTipTests/Info.plist;
				LD_RUNPATH_SEARCH_PATHS = "$(inherited) @executable_path/Frameworks @loader_path/Frameworks";
				PRODUCT_BUNDLE_IDENTIFIER = com.dan.iTipTests;
				PRODUCT_NAME = "$(TARGET_NAME)";
				TEST_HOST = "$(BUILT_PRODUCTS_DIR)/iTip.app/iTip";
			};
			name = Debug;
		};
		37E1B2F11D81DA08002A3B94 /* Release */ = {
			isa = XCBuildConfiguration;
			buildSettings = {
				BUNDLE_LOADER = "$(TEST_HOST)";
				INFOPLIST_FILE = iTipTests/Info.plist;
				LD_RUNPATH_SEARCH_PATHS = "$(inherited) @executable_path/Frameworks @loader_path/Frameworks";
				PRODUCT_BUNDLE_IDENTIFIER = com.dan.iTipTests;
				PRODUCT_NAME = "$(TARGET_NAME)";
				TEST_HOST = "$(BUILT_PRODUCTS_DIR)/iTip.app/iTip";
			};
			name = Release;
		};
		37E1B2F31D81DA08002A3B94 /* Debug */ = {
			isa = XCBuildConfiguration;
			buildSettings = {
				INFOPLIST_FILE = iTipUITests/Info.plist;
				LD_RUNPATH_SEARCH_PATHS = "$(inherited) @executable_path/Frameworks @loader_path/Frameworks";
				PRODUCT_BUNDLE_IDENTIFIER = com.dan.iTipUITests;
				PRODUCT_NAME = "$(TARGET_NAME)";
				TEST_TARGET_NAME = iTip;
			};
			name = Debug;
		};
		37E1B2F41D81DA08002A3B94 /* Release */ = {
			isa = XCBuildConfiguration;
			buildSettings = {
				INFOPLIST_FILE = iTipUITests/Info.plist;
				LD_RUNPATH_SEARCH_PATHS = "$(inherited) @executable_path/Frameworks @loader_path/Frameworks";
				PRODUCT_BUNDLE_IDENTIFIER = com.dan.iTipUITests;
				PRODUCT_NAME = "$(TARGET_NAME)";
				TEST_TARGET_NAME = iTip;
			};
			name = Release;
		};
/* End XCBuildConfiguration section */

/* Begin XCConfigurationList section */
		37E1B2BF1D81DA08002A3B94 /* Build configuration list for PBXProject "iTip" */ = {
			isa = XCConfigurationList;
			buildConfigurations = (
				37E1B2EA1D81DA08002A3B94 /* Debug */,
				37E1B2EB1D81DA08002A3B94 /* Release */,
			);
			defaultConfigurationIsVisible = 0;
			defaultConfigurationName = Release;
		};
		37E1B2EC1D81DA08002A3B94 /* Build configuration list for PBXNativeTarget "iTip" */ = {
			isa = XCConfigurationList;
			buildConfigurations = (
				37E1B2ED1D81DA08002A3B94 /* Debug */,
				37E1B2EE1D81DA08002A3B94 /* Release */,
			);
			defaultConfigurationIsVisible = 0;
		};
		37E1B2EF1D81DA08002A3B94 /* Build configuration list for PBXNativeTarget "iTipTests" */ = {
			isa = XCConfigurationList;
			buildConfigurations = (
				37E1B2F01D81DA08002A3B94 /* Debug */,
				37E1B2F11D81DA08002A3B94 /* Release */,
			);
			defaultConfigurationIsVisible = 0;
		};
		37E1B2F21D81DA08002A3B94 /* Build configuration list for PBXNativeTarget "iTipUITests" */ = {
			isa = XCConfigurationList;
			buildConfigurations = (
				37E1B2F31D81DA08002A3B94 /* Debug */,
				37E1B2F41D81DA08002A3B94 /* Release */,
			);
			defaultConfigurationIsVisible = 0;
		};
/* End XCConfigurationList section */
	};
	rootObject = 37E1B2BC1D81DA08002A3B94 /* Project object */;
}
